{
  "requires": true,
  "lockfileVersion": 1,
  "dependencies": {
    "heroes-talents": {
      "version": "git+https://git@github.com/heroespatchnotes/heroes-talents.git#bcb3394d76903c7ad1c3742b1561b264062b2120",
      "from": "git+https://git@github.com/heroespatchnotes/heroes-talents.git"
    }
  }
}
